{
  "version": 4,
  "terraform_version": "1.1.5",
  "serial": 43,
  "lineage": "92cd4cb5-9e78-ea73-8ce2-111f6e3fd45c",
  "outputs": {},
  "resources": [
    {
      "mode": "managed",
      "type": "google_compute_instance",
      "name": "default",
      "provider": "provider[\"registry.terraform.io/hashicorp/google\"]",
      "instances": [
        {
          "schema_version": 6,
          "attributes": {
            "advanced_machine_features": [],
            "allow_stopping_for_update": null,
            "attached_disk": [],
            "boot_disk": [
              {
                "auto_delete": true,
                "device_name": "persistent-disk-0",
                "disk_encryption_key_raw": "",
                "disk_encryption_key_sha256": "",
                "initialize_params": [
                  {
                    "image": "https://www.googleapis.com/compute/v1/projects/ubuntu-os-cloud/global/images/ubuntu-2004-focal-v20210720",
                    "labels": {},
                    "size": 2000,
                    "type": "pd-standard"
                  }
                ],
                "kms_key_self_link": "",
                "mode": "READ_WRITE",
                "source": "https://www.googleapis.com/compute/v1/projects/massbit-dev-335203/zones/asia-southeast2-a/disks/terraform-instance-node-ethereum-asia-new-02"
              }
            ],
            "can_ip_forward": false,
            "confidential_instance_config": [],
            "cpu_platform": "Intel Broadwell",
            "current_status": "RUNNING",
            "deletion_protection": false,
            "description": "",
            "desired_status": null,
            "enable_display": false,
            "guest_accelerator": [],
            "hostname": "",
            "id": "projects/massbit-dev-335203/zones/asia-southeast2-a/instances/terraform-instance-node-ethereum-asia-new-02",
            "instance_id": "5975555587969493270",
            "label_fingerprint": "42WmSpB8rSM=",
            "labels": null,
            "machine_type": "e2-micro",
            "metadata": {
              "foo": "bar"
            },
            "metadata_fingerprint": "nYEdhtsRrd8=",
            "metadata_startup_script": "echo yes|bash -c \"$(curl -sSfL 'https://dapi.massbit.io/api/v1/node_install?id=f916894e-3b50-48b3-bbae-33d463d3f739\u0026user_id=9b0c7d24-6edd-4224-b94c-9fa7f8a1f760\u0026blockchain=eth\u0026network=mainnet\u0026zone=NA\u0026data_url=http://34.87.80.115:8545/')\"",
            "min_cpu_platform": "",
            "name": "terraform-instance-node-ethereum-asia-new-02",
            "network_interface": [
              {
                "access_config": [
                  {
                    "nat_ip": "34.101.182.125",
                    "network_tier": "PREMIUM",
                    "public_ptr_domain_name": ""
                  }
                ],
                "alias_ip_range": [],
                "ipv6_access_config": [],
                "ipv6_access_type": "",
                "name": "nic0",
                "network": "https://www.googleapis.com/compute/v1/projects/massbit-dev-335203/global/networks/default",
                "network_ip": "10.184.0.40",
                "nic_type": "",
                "queue_count": 0,
                "stack_type": "IPV4_ONLY",
                "subnetwork": "https://www.googleapis.com/compute/v1/projects/massbit-dev-335203/regions/asia-southeast2/subnetworks/default",
                "subnetwork_project": "massbit-dev-335203"
              }
            ],
            "project": "massbit-dev-335203",
            "reservation_affinity": [],
            "resource_policies": null,
            "scheduling": [
              {
                "automatic_restart": true,
                "min_node_cpus": 0,
                "node_affinities": [],
                "on_host_maintenance": "MIGRATE",
                "preemptible": false
              }
            ],
            "scratch_disk": [],
            "self_link": "https://www.googleapis.com/compute/v1/projects/massbit-dev-335203/zones/asia-southeast2-a/instances/terraform-instance-node-ethereum-asia-new-02",
            "service_account": [
              {
                "email": "massbit-dev@massbit-dev-335203.iam.gserviceaccount.com",
                "scopes": [
                  "https://www.googleapis.com/auth/cloud-platform"
                ]
              }
            ],
            "shielded_instance_config": [
              {
                "enable_integrity_monitoring": true,
                "enable_secure_boot": false,
                "enable_vtpm": true
              }
            ],
            "tags": [
              "http-server",
              "https-server"
            ],
            "tags_fingerprint": "6smc4R4d39I=",
            "timeouts": null,
            "zone": "asia-southeast2-a"
          },
          "sensitive_attributes": [],
          "private": "eyJlMmJmYjczMC1lY2FhLTExZTYtOGY4OC0zNDM2M2JjN2M0YzAiOnsiY3JlYXRlIjoxMjAwMDAwMDAwMDAwLCJkZWxldGUiOjEyMDAwMDAwMDAwMDAsInVwZGF0ZSI6MTIwMDAwMDAwMDAwMH0sInNjaGVtYV92ZXJzaW9uIjoiNiJ9"
        }
      ]
    }
  ]
}
