{
  "version": 4,
  "terraform_version": "1.1.7",
  "serial": 23,
  "lineage": "3f821cdb-5e37-9847-d7be-cbdcd9ead7c6",
  "outputs": {
    "mbr_core_public_ip": {
      "value": "34.101.172.227",
      "type": "string"
    },
    "mbr_portal_public_ip": {
      "value": "34.101.57.212",
      "type": "string"
    },
    "mbr_rust_public_ip": {
      "value": "34.101.152.96",
      "type": "string"
    }
  },
  "resources": [
    {
      "mode": "managed",
      "type": "google_compute_instance",
      "name": "mbr-core-new-commit-test",
      "provider": "provider[\"registry.terraform.io/hashicorp/google\"]",
      "instances": [
        {
          "schema_version": 6,
          "attributes": {
            "advanced_machine_features": [],
            "allow_stopping_for_update": null,
            "attached_disk": [],
            "boot_disk": [
              {
                "auto_delete": true,
                "device_name": "persistent-disk-0",
                "disk_encryption_key_raw": "",
                "disk_encryption_key_sha256": "",
                "initialize_params": [
                  {
                    "image": "https://www.googleapis.com/compute/v1/projects/ubuntu-os-cloud/global/images/ubuntu-2004-focal-v20210720",
                    "labels": {},
                    "size": 2000,
                    "type": "pd-standard"
                  }
                ],
                "kms_key_self_link": "",
                "mode": "READ_WRITE",
                "source": "https://www.googleapis.com/compute/v1/projects/mbr-test-341307/zones/asia-southeast2-a/disks/mbr-test-core-test-9dd45"
              }
            ],
            "can_ip_forward": false,
            "confidential_instance_config": [],
            "cpu_platform": "Intel Broadwell",
            "current_status": "RUNNING",
            "deletion_protection": false,
            "description": "",
            "desired_status": null,
            "enable_display": false,
            "guest_accelerator": [],
            "hostname": "",
            "id": "projects/mbr-test-341307/zones/asia-southeast2-a/instances/mbr-test-core-test-9dd45",
            "instance_id": "3311516725798560381",
            "label_fingerprint": "42WmSpB8rSM=",
            "labels": null,
            "machine_type": "e2-highcpu-4",
            "metadata": null,
            "metadata_fingerprint": "cO3u3TLjzVY=",
            "metadata_startup_script": "  #!/bin/bash\n  #-------------------------------------------\n  #  Update host file for Massbitroute.dev\n  #-------------------------------------------\n  sudo echo \"\nsudo wget https://raw.githubusercontent.com/hoanito/hosts/main/test-hosts-file -P /etc/\nsudo cp /etc/hosts /etc/hosts.bak\nsudo cp /etc/test-hosts-file /etc/hosts\" \u003e\u003e /opt/update_hosts.sh\n\n  sudo echo \"1 * * * * root sudo bash /opt/update_hosts.sh\" \u003e\u003e /etc/crontab\n\n  sudo sed 's/#DNSStubListener=yes/DNSStubListener=no/' /etc/systemd/resolved.conf -i\n  sudo pkill -f systemd-resolve\n\n  sudo systemctl stop systemd-resolved\n  sudo systemctl disable systemd-resolved \n  sudo echo nameserver 8.8.8.8 \u003e/etc/resolv.conf\n\n  # SSH\n  sudo mkdir /opt/ssh-key\n  sudo git clone http://[[PRIVATE_GIT_SSH_USERNAME]]:[[PRIVATE_GIT_SSH_PASSWORD]]@git.massbitroute.dev/massbitroute/ssh.git -b main /opt/ssh-key\n  sudo cp /opt/ssh-key/id_rsa*  /root/.ssh/\n  sudo chmod og-rwx /root/.ssh/id_rsa\n  sudo cat /opt/ssh-key/ci-ssh-key.pub \u003e\u003e /home/hoang/.ssh/authorized_keys\n  \n  ssh-keyscan github.com \u003e\u003e ~/.ssh/known_hosts\n  \n  #-------------------------------------------\n  #  Install massbitroute core components\n  #-------------------------------------------\n  export GIT_PRIVATE_READ_URL=\"http://massbit:c671e4ea06280e7a3f6f9aea6e8155fcde9bc703@git.massbitroute.dev\"\n  curl https://raw.githubusercontent.com/massbitprotocol/massbitroute_dev/dev/scripts/install.sh | bash -x \u003e\u003e /home/core_install.log\n\n",
            "min_cpu_platform": "",
            "name": "mbr-test-core-test-9dd45",
            "network_interface": [
              {
                "access_config": [
                  {
                    "nat_ip": "34.101.172.227",
                    "network_tier": "PREMIUM",
                    "public_ptr_domain_name": ""
                  }
                ],
                "alias_ip_range": [],
                "ipv6_access_config": [],
                "ipv6_access_type": "",
                "name": "nic0",
                "network": "https://www.googleapis.com/compute/v1/projects/mbr-test-341307/global/networks/default",
                "network_ip": "10.184.0.42",
                "nic_type": "",
                "queue_count": 0,
                "stack_type": "IPV4_ONLY",
                "subnetwork": "https://www.googleapis.com/compute/v1/projects/mbr-test-341307/regions/asia-southeast2/subnetworks/default",
                "subnetwork_project": "mbr-test-341307"
              }
            ],
            "project": "mbr-test-341307",
            "reservation_affinity": [],
            "resource_policies": null,
            "scheduling": [
              {
                "automatic_restart": true,
                "min_node_cpus": 0,
                "node_affinities": [],
                "on_host_maintenance": "MIGRATE",
                "preemptible": false
              }
            ],
            "scratch_disk": [],
            "self_link": "https://www.googleapis.com/compute/v1/projects/mbr-test-341307/zones/asia-southeast2-a/instances/mbr-test-core-test-9dd45",
            "service_account": [
              {
                "email": "mbr-test@mbr-test-341307.iam.gserviceaccount.com",
                "scopes": [
                  "https://www.googleapis.com/auth/cloud-platform"
                ]
              }
            ],
            "shielded_instance_config": [
              {
                "enable_integrity_monitoring": true,
                "enable_secure_boot": false,
                "enable_vtpm": true
              }
            ],
            "tags": [
              "http-server",
              "https-server"
            ],
            "tags_fingerprint": "6smc4R4d39I=",
            "timeouts": null,
            "zone": "asia-southeast2-a"
          },
          "sensitive_attributes": [],
          "private": "eyJlMmJmYjczMC1lY2FhLTExZTYtOGY4OC0zNDM2M2JjN2M0YzAiOnsiY3JlYXRlIjoxMjAwMDAwMDAwMDAwLCJkZWxldGUiOjEyMDAwMDAwMDAwMDAsInVwZGF0ZSI6MTIwMDAwMDAwMDAwMH0sInNjaGVtYV92ZXJzaW9uIjoiNiJ9"
        }
      ]
    },
    {
      "mode": "managed",
      "type": "google_compute_instance",
      "name": "mbr-portal-new-commit-test",
      "provider": "provider[\"registry.terraform.io/hashicorp/google\"]",
      "instances": [
        {
          "schema_version": 6,
          "attributes": {
            "advanced_machine_features": [],
            "allow_stopping_for_update": null,
            "attached_disk": [],
            "boot_disk": [
              {
                "auto_delete": true,
                "device_name": "persistent-disk-0",
                "disk_encryption_key_raw": "",
                "disk_encryption_key_sha256": "",
                "initialize_params": [
                  {
                    "image": "https://www.googleapis.com/compute/v1/projects/ubuntu-os-cloud/global/images/ubuntu-2004-focal-v20210720",
                    "labels": {},
                    "size": 2000,
                    "type": "pd-standard"
                  }
                ],
                "kms_key_self_link": "",
                "mode": "READ_WRITE",
                "source": "https://www.googleapis.com/compute/v1/projects/mbr-test-341307/zones/asia-southeast2-a/disks/mbr-test-portal-test-9dd45"
              }
            ],
            "can_ip_forward": false,
            "confidential_instance_config": [],
            "cpu_platform": "Intel Broadwell",
            "current_status": "RUNNING",
            "deletion_protection": false,
            "description": "",
            "desired_status": null,
            "enable_display": false,
            "guest_accelerator": [],
            "hostname": "",
            "id": "projects/mbr-test-341307/zones/asia-southeast2-a/instances/mbr-test-portal-test-9dd45",
            "instance_id": "5699799261437026940",
            "label_fingerprint": "42WmSpB8rSM=",
            "labels": null,
            "machine_type": "e2-highcpu-4",
            "metadata": null,
            "metadata_fingerprint": "0KsYgWR1_iI=",
            "metadata_startup_script": "  #!/bin/bash\n  #-------------------------------------------\n  #  Update host file for Massbitroute.dev\n  #-------------------------------------------\n  sudo echo \"\nsudo wget https://raw.githubusercontent.com/hoanito/hosts/main/test-hosts-file -P /etc/\nsudo cp /etc/hosts /etc/hosts.bak\nsudo cp /etc/test-hosts-file /etc/hosts\" \u003e\u003e /opt/update_hosts.sh\n  sudo chmod 770 /opt/update_hosts.sh\n\n  sudo echo \"1 * * * * root sudo bash /opt/update_hosts.sh\" \u003e\u003e /etc/crontab\n\n  sudo sed 's/#DNSStubListener=yes/DNSStubListener=no/' /etc/systemd/resolved.conf -i\n  sudo pkill -f systemd-resolve\n\n  sudo systemctl stop systemd-resolved\n  sudo systemctl disable systemd-resolved \n  sudo echo nameserver 8.8.8.8 \u003e/etc/resolv.conf\n\n  #-------------------------------------------\n  #  Install SSH keys\n  #-------------------------------------------\n  sudo mkdir /opt/ssh-key\n  sudo git clone http://ssh:1fdaf5d506fda56b4a50a5e3f24d68799e33cdd2@git.massbitroute.dev/massbitroute/ssh.git -b main /opt/ssh-key\n  sudo cp /opt/ssh-key/id_rsa*  /root/.ssh/\n  sudo chmod og-rwx /root/.ssh/id_rsa\n  sudo cat /opt/ssh-key/ci-ssh-key.pub \u003e\u003e /home/hoang/.ssh/authorized_keys\n  \n  ssh-keyscan github.com \u003e\u003e ~/.ssh/known_hosts\n  \n  #-------------------------------------------\n  #  Install massbitroute PORTAL components\n  #-------------------------------------------\n  export PRIVATE_GIT_DOMAIN='git.massbitroute.dev'\n  export PRIVATE_GIT_READ_PASSWORD='c671e4ea06280e7a3f6f9aea6e8155fcde9bc703'\n  export PRIVATE_GIT_READ_USERNAME='massbit'\n  export PRIVATE_GIT_SSL_USERNAME='ssl'\n  export PRIVATE_GIT_SSL_PASSWORD='77842e9d937e34029005ca9d90c6f1d09c39b09f'\n  export PRIVATE_GIT_SSH_USERNAME='ssh'\n  export PRIVATE_GIT_SSH_PASSWORD='1fdaf5d506fda56b4a50a5e3f24d68799e33cdd2'\n\n  #-------------------------------------------\n  #  Install packages\n  #-------------------------------------------\n  sudo apt update\n  sudo apt install redis-server npm -y\n  sudo systemctl enable redis-server\n  sudo npm install --global yarn\n  sudo npm cache clean -f\n  sudo npm install -g n\n  sudo n stable\n  sudo yarn global add pm2\n  \n  #-------------------------------------------\n  #  Install PORTAL API\n  #-------------------------------------------\n  sudo mkdir /opt/user-management\n  sudo git clone git@github.com:massbitprotocol/user-management.git -b staging /opt/user-management\n  cd /opt/user-management\n  cp /opt/ssh-key/.env.portal /opt/user-management/.env\n  cp /opt/ssh-key/.env.api /opt/user-management/.env.api\n  cp /opt/ssh-key/.env.worker /opt/user-management/.env.worker\n  sudo yarn\n  sudo yarn build\n  sudo pm2 start\n\n  #-------------------------------------------\n  #  Install STAKING API\n  #-------------------------------------------\n  sudo mkdir /opt/test-massbit-staking\n  sudo git clone git@github.com:mison201/test-massbit-staking.git  /opt/test-massbit-staking\n  cd /opt/test-massbit-staking\n  cp /opt/ssh-key/.env.staking /opt/test-massbit-staking/.env\n  sudo yarn\n  sudo yarn build\n  sudo pm2 start\n\n  #-------------------------------------------\n  #  Install NGINX\n  #-------------------------------------------\n  sudo mkdir -p /opt/ssl\n  git clone http://$PRIVATE_GIT_SSL_USERNAME:$PRIVATE_GIT_SSL_PASSWORD@$PRIVATE_GIT_DOMAIN/massbitroute/ssl.git /etc/letsencrypt\n  sudo apt update \u0026\u0026 sudo apt upgrade -y \u0026\u0026 sudo apt install curl nginx -y\n  sudo apt install software-properties-common\n  cp /opt/ssh-key/portal.nginx /etc/nginx/sites-enabled/portal\n  cp /opt/ssh-key/staking.nginx /etc/nginx/sites-enabled/staking\n  sudo service nginx reload\n\n",
            "min_cpu_platform": "",
            "name": "mbr-test-portal-test-9dd45",
            "network_interface": [
              {
                "access_config": [
                  {
                    "nat_ip": "34.101.57.212",
                    "network_tier": "PREMIUM",
                    "public_ptr_domain_name": ""
                  }
                ],
                "alias_ip_range": [],
                "ipv6_access_config": [],
                "ipv6_access_type": "",
                "name": "nic0",
                "network": "https://www.googleapis.com/compute/v1/projects/mbr-test-341307/global/networks/default",
                "network_ip": "10.184.0.43",
                "nic_type": "",
                "queue_count": 0,
                "stack_type": "IPV4_ONLY",
                "subnetwork": "https://www.googleapis.com/compute/v1/projects/mbr-test-341307/regions/asia-southeast2/subnetworks/default",
                "subnetwork_project": "mbr-test-341307"
              }
            ],
            "project": "mbr-test-341307",
            "reservation_affinity": [],
            "resource_policies": null,
            "scheduling": [
              {
                "automatic_restart": true,
                "min_node_cpus": 0,
                "node_affinities": [],
                "on_host_maintenance": "MIGRATE",
                "preemptible": false
              }
            ],
            "scratch_disk": [],
            "self_link": "https://www.googleapis.com/compute/v1/projects/mbr-test-341307/zones/asia-southeast2-a/instances/mbr-test-portal-test-9dd45",
            "service_account": [
              {
                "email": "mbr-test@mbr-test-341307.iam.gserviceaccount.com",
                "scopes": [
                  "https://www.googleapis.com/auth/cloud-platform"
                ]
              }
            ],
            "shielded_instance_config": [
              {
                "enable_integrity_monitoring": true,
                "enable_secure_boot": false,
                "enable_vtpm": true
              }
            ],
            "tags": [
              "http-server",
              "https-server"
            ],
            "tags_fingerprint": "6smc4R4d39I=",
            "timeouts": null,
            "zone": "asia-southeast2-a"
          },
          "sensitive_attributes": [],
          "private": "eyJlMmJmYjczMC1lY2FhLTExZTYtOGY4OC0zNDM2M2JjN2M0YzAiOnsiY3JlYXRlIjoxMjAwMDAwMDAwMDAwLCJkZWxldGUiOjEyMDAwMDAwMDAwMDAsInVwZGF0ZSI6MTIwMDAwMDAwMDAwMH0sInNjaGVtYV92ZXJzaW9uIjoiNiJ9"
        }
      ]
    },
    {
      "mode": "managed",
      "type": "google_compute_instance",
      "name": "mbr-rust-new-commit-test",
      "provider": "provider[\"registry.terraform.io/hashicorp/google\"]",
      "instances": [
        {
          "schema_version": 6,
          "attributes": {
            "advanced_machine_features": [],
            "allow_stopping_for_update": null,
            "attached_disk": [],
            "boot_disk": [
              {
                "auto_delete": true,
                "device_name": "persistent-disk-0",
                "disk_encryption_key_raw": "",
                "disk_encryption_key_sha256": "",
                "initialize_params": [
                  {
                    "image": "https://www.googleapis.com/compute/v1/projects/ubuntu-os-cloud/global/images/ubuntu-2004-focal-v20210720",
                    "labels": {},
                    "size": 2000,
                    "type": "pd-standard"
                  }
                ],
                "kms_key_self_link": "",
                "mode": "READ_WRITE",
                "source": "https://www.googleapis.com/compute/v1/projects/mbr-test-341307/zones/asia-southeast2-a/disks/mbr-test-rust-test-9dd45"
              }
            ],
            "can_ip_forward": false,
            "confidential_instance_config": [],
            "cpu_platform": "Intel Broadwell",
            "current_status": "RUNNING",
            "deletion_protection": false,
            "description": "",
            "desired_status": null,
            "enable_display": false,
            "guest_accelerator": [],
            "hostname": "",
            "id": "projects/mbr-test-341307/zones/asia-southeast2-a/instances/mbr-test-rust-test-9dd45",
            "instance_id": "1607839152370147965",
            "label_fingerprint": "42WmSpB8rSM=",
            "labels": null,
            "machine_type": "e2-highcpu-4",
            "metadata": null,
            "metadata_fingerprint": "6B68SueI3Qc=",
            "metadata_startup_script": "  #!/bin/bash\n  #-------------------------------------------\n  #  Update host file for Massbitroute.dev\n  #-------------------------------------------\n  sudo echo \"\nsudo wget https://raw.githubusercontent.com/hoanito/hosts/main/test-hosts-file -P /etc/\nsudo cp /etc/hosts /etc/hosts.bak\nsudo cp /etc/test-hosts-file /etc/hosts\" \u003e\u003e /opt/update_hosts.sh\n\n  sudo echo \"1 * * * * sudo bash /opt/update_hosts.sh\" \u003e\u003e update_hosts.cron\n  sudo crontab update_hosts.cron\n\n  sudo sed 's/#DNSStubListener=yes/DNSStubListener=no/' /etc/systemd/resolved.conf -i\n  sudo pkill -f systemd-resolve\n  sudo systemctl stop systemd-resolved\n  sudo systemctl disable systemd-resolved \n  sudo echo nameserver 8.8.8.8 \u003e/etc/resolv.conf\n  \n  #-------------------------------------------\n  #  Install SSH keys\n  #-------------------------------------------\n  sudo mkdir /opt/ssh-key\n  sudo git clone http://ssh:1fdaf5d506fda56b4a50a5e3f24d68799e33cdd2@git.massbitroute.dev/massbitroute/ssh.git -b main /opt/ssh-key\n  sudo cp /opt/ssh-key/id_rsa*  /root/.ssh/\n  sudo chmod og-rwx /root/.ssh/id_rsa\n  sudo cat /opt/ssh-key/ci-ssh-key.pub \u003e\u003e /home/hoang/.ssh/authorized_keys\n  \n  ssh-keyscan github.com \u003e\u003e ~/.ssh/known_hosts\n\n  #-------------------------------------------\n  #  Install RUST\n  #-------------------------------------------\n  sudo apt update -y\n  curl https://sh.rustup.rs -sSf | sh -s -- -y\n  rustup update nightly\n  rustup update stable\n  rustup target add wasm32-unknown-unknown --toolchain nightly\n  sudo apt install build-essential pkg-config libssl-dev supervisor -y\n\n  #-------------------------------------------\n  #  Set up supervisor\n  #-------------------------------------------\n  echo \"[program:verification]\ncommand=bash /opt/verification/run.sh\nautostart=true\nautorestart=true\nstderr_logfile=/var/log/verification.err.log\nstdout_logfile=/var/log/verification.out.log\nuser=root\nstopasgroup=true\" \u003e /etc/supervisor/conf.d/verification.conf\n\n  #-------------------------------------------\n  #  Install NGINX\n  #-------------------------------------------\n  sudo apt update \u0026\u0026 sudo apt upgrade -y \u0026\u0026 sudo apt install curl nginx -y\n  sudo apt install software-properties-common\n  echo \"server {\n    server_name verify.massbitroute.dev;\n    listen 80;\n    location / {\n      #try_files $uri $uri/ =404;\n      #proxy_buffering off;\n      proxy_pass http://localhost:3030;\n      #proxy_set_header X-Real-IP $remote_addr;\n      proxy_set_header Host $host;\n      proxy_set_header X-Forwarded-For $proxy_add_x_forwarded_for;\n      #proxy_http_version 1.1;\n      #proxy_set_header Upgrade $http_upgrade;\n      #proxy_set_header Connection \"upgrade\";\n      #proxy_read_timeout 86400s;\n      #proxy_send_timeout 86400s;\n    }\n}\" \u003e\u003e /etc/nginx/sites-enabled/verification\n\n  sudo service nginx restart\n\n  #-------------------------------------------\n  #  Install VERIFICATION (RUST)\n  #-------------------------------------------\n  sudo mkdir -p /massbit/massbitroute/app/src/sites/services/monitor\n  sudo git clone https://github.com/massbitprotocol/massbitroute_monitor.git -b dev /massbit/massbitroute/app/src/sites/services/monitor\n  sudo cd /massbit/massbitroute/app/src/sites/services/monitor/check_component\n  sudo cargo build --release\n  mkdir -p /opt/verification\n  sudo cp target/release/mbr-check-component /opt/verification/mbr-check-component\n  sudo cp src/archive/check-flow.json /opt/verification/check-flow.json\n  sudo cp /opt/ssh-key/base-endpoint.json  /opt/verification/base-endpoint.json\n  sudo cp script/run.sh /opt/verification/run.sh\n  sudo chmod 770 /opt/verification/run.sh\n  sudo supervisorctl reread\n  sudo  supervisorctl update\n  sudo supervisorctl start verification\n",
            "min_cpu_platform": "",
            "name": "mbr-test-rust-test-9dd45",
            "network_interface": [
              {
                "access_config": [
                  {
                    "nat_ip": "34.101.152.96",
                    "network_tier": "PREMIUM",
                    "public_ptr_domain_name": ""
                  }
                ],
                "alias_ip_range": [],
                "ipv6_access_config": [],
                "ipv6_access_type": "",
                "name": "nic0",
                "network": "https://www.googleapis.com/compute/v1/projects/mbr-test-341307/global/networks/default",
                "network_ip": "10.184.0.41",
                "nic_type": "",
                "queue_count": 0,
                "stack_type": "IPV4_ONLY",
                "subnetwork": "https://www.googleapis.com/compute/v1/projects/mbr-test-341307/regions/asia-southeast2/subnetworks/default",
                "subnetwork_project": "mbr-test-341307"
              }
            ],
            "project": "mbr-test-341307",
            "reservation_affinity": [],
            "resource_policies": null,
            "scheduling": [
              {
                "automatic_restart": true,
                "min_node_cpus": 0,
                "node_affinities": [],
                "on_host_maintenance": "MIGRATE",
                "preemptible": false
              }
            ],
            "scratch_disk": [],
            "self_link": "https://www.googleapis.com/compute/v1/projects/mbr-test-341307/zones/asia-southeast2-a/instances/mbr-test-rust-test-9dd45",
            "service_account": [
              {
                "email": "mbr-test@mbr-test-341307.iam.gserviceaccount.com",
                "scopes": [
                  "https://www.googleapis.com/auth/cloud-platform"
                ]
              }
            ],
            "shielded_instance_config": [
              {
                "enable_integrity_monitoring": true,
                "enable_secure_boot": false,
                "enable_vtpm": true
              }
            ],
            "tags": [
              "http-server",
              "https-server"
            ],
            "tags_fingerprint": "6smc4R4d39I=",
            "timeouts": null,
            "zone": "asia-southeast2-a"
          },
          "sensitive_attributes": [],
          "private": "eyJlMmJmYjczMC1lY2FhLTExZTYtOGY4OC0zNDM2M2JjN2M0YzAiOnsiY3JlYXRlIjoxMjAwMDAwMDAwMDAwLCJkZWxldGUiOjEyMDAwMDAwMDAwMDAsInVwZGF0ZSI6MTIwMDAwMDAwMDAwMH0sInNjaGVtYV92ZXJzaW9uIjoiNiJ9"
        }
      ]
    }
  ]
}
